
Microsoft Visual Studio Solution File, Format Version 12.00
# Visual Studio 15
Project("{FAE04EC0-301F-11D3-BF4B-00C04F79EFBC}") = "SeleniumInDocker", "SeleniumInDocker\SeleniumInDocker.csproj", "{8A1125BE-688D-4FAF-BE58-936B4ED7160F}"
EndProject
Project("{E53339B2-1760-4266-BCC7-CA923CBCF16C}") = "docker-compose", "docker-compose.dcproj", "{776AE540-2FA0-4D78-9561-DF63D2183C90}"
EndProject
Global
	GlobalSection(SolutionConfigurationPlatforms) = preSolution
		Debug|Any CPU = Debug|Any CPU
		Release|Any CPU = Release|Any CPU
	EndGlobalSection
	GlobalSection(ProjectConfigurationPlatforms) = postSolution
		{8A1125BE-688D-4FAF-BE58-936B4ED7160F}.Debug|Any CPU.ActiveCfg = Debug|Any CPU
		{8A1125BE-688D-4FAF-BE58-936B4ED7160F}.Debug|Any CPU.Build.0 = Debug|Any CPU
		{8A1125BE-688D-4FAF-BE58-936B4ED7160F}.Release|Any CPU.ActiveCfg = Release|Any CPU
		{8A1125BE-688D-4FAF-BE58-936B4ED7160F}.Release|Any CPU.Build.0 = Release|Any CPU
		{776AE540-2FA0-4D78-9561-DF63D2183C90}.Debug|Any CPU.ActiveCfg = Debug|Any CPU
		{776AE540-2FA0-4D78-9561-DF63D2183C90}.Debug|Any CPU.Build.0 = Debug|Any CPU
		{776AE540-2FA0-4D78-9561-DF63D2183C90}.Release|Any CPU.ActiveCfg = Release|Any CPU
		{776AE540-2FA0-4D78-9561-DF63D2183C90}.Release|Any CPU.Build.0 = Release|Any CPU
	EndGlobalSection
EndGlobal
